<?xml version="1.0" encoding="utf-8"?>
<Project ToolsVersion="4.0" xmlns="http://schemas.microsoft.com/developer/msbuild/2003">
  <ItemGroup>
    <Filter Include="源文件">
      <UniqueIdentifier>{4FC737F1-C7A5-4376-A066-2A32D752A2FF}</UniqueIdentifier>
      <Extensions>cpp;c;cc;cxx;def;odl;idl;hpj;bat;asm;asmx</Extensions>
    </Filter>
    <Filter Include="头文件">
      <UniqueIdentifier>{93995380-89BD-4b04-88EB-625FBE52EBFB}</UniqueIdentifier>
      <Extensions>h;hh;hpp;hxx;hm;inl;inc;xsd</Extensions>
    </Filter>
    <Filter Include="资源文件">
      <UniqueIdentifier>{67DA6AB6-F800-4c08-8B7A-83BB121AAD01}</UniqueIdentifier>
      <Extensions>rc;ico;cur;bmp;dlg;rc2;rct;bin;rgs;gif;jpg;jpeg;jpe;resx;tiff;tif;png;wav;mfcribbon-ms</Extensions>
    </Filter>
    <Filter Include="头文件\cef">
      <UniqueIdentifier>{eb879762-fe7c-438b-a071-8bb46b805d2d}</UniqueIdentifier>
    </Filter>
    <Filter Include="源文件\cef">
      <UniqueIdentifier>{202d9ac7-b21c-4b4b-8b64-9ed161ce2b73}</UniqueIdentifier>
    </Filter>
    <Filter Include="头文件\util">
      <UniqueIdentifier>{d226dbf1-9c9a-4ef8-a025-773f8c629658}</UniqueIdentifier>
    </Filter>
    <Filter Include="源文件\util">
      <UniqueIdentifier>{07574c81-aa59-4b0a-ad14-7598ee40a02b}</UniqueIdentifier>
    </Filter>
    <Filter Include="头文件\mfc">
      <UniqueIdentifier>{17619566-88bb-4dea-b1cc-e3d255652b4b}</UniqueIdentifier>
    </Filter>
    <Filter Include="源文件\mfc">
      <UniqueIdentifier>{0a89c7ae-8172-4159-aad8-b17b29e084fd}</UniqueIdentifier>
    </Filter>
    <Filter Include="头文件\int">
      <UniqueIdentifier>{2b0b44a1-ac48-4089-904c-d47d86178afc}</UniqueIdentifier>
    </Filter>
    <Filter Include="源文件\int">
      <UniqueIdentifier>{d6fcba9e-993e-472d-ac5c-ef89ae4884d9}</UniqueIdentifier>
    </Filter>
  </ItemGroup>
  <ItemGroup>
    <Text Include="ReadMe.txt" />
  </ItemGroup>
  <ItemGroup>
    <ClInclude Include="MainFrm.h">
      <Filter>头文件\mfc</Filter>
    </ClInclude>
    <ClInclude Include="MFC_CEF.h">
      <Filter>头文件\mfc</Filter>
    </ClInclude>
    <ClInclude Include="Resource.h">
      <Filter>头文件\mfc</Filter>
    </ClInclude>
    <ClInclude Include="stdafx.h">
      <Filter>头文件\mfc</Filter>
    </ClInclude>
    <ClInclude Include="targetver.h">
      <Filter>头文件\mfc</Filter>
    </ClInclude>
    <ClInclude Include="cef\app_handler.h">
      <Filter>头文件\cef</Filter>
    </ClInclude>
    <ClInclude Include="cef\client_handler.h">
      <Filter>头文件\cef</Filter>
    </ClInclude>
    <ClInclude Include="cef\client_renderer.h">
      <Filter>头文件\cef</Filter>
    </ClInclude>
    <ClInclude Include="cef\embeded_browser.h">
      <Filter>头文件\cef</Filter>
    </ClInclude>
    <ClInclude Include="cef\js_call_back.h">
      <Filter>头文件\cef</Filter>
    </ClInclude>
    <ClInclude Include="int\BrowserI.h">
      <Filter>头文件\int</Filter>
    </ClInclude>
    <ClInclude Include="int\BrowserView.h">
      <Filter>头文件\int</Filter>
    </ClInclude>
    <ClInclude Include="int\Cef.h">
      <Filter>头文件\int</Filter>
    </ClInclude>
    <ClInclude Include="int\JSHandler.h">
      <Filter>头文件\int</Filter>
    </ClInclude>
    <ClInclude Include="util\logging.h">
      <Filter>头文件\util</Filter>
    </ClInclude>
    <ClInclude Include="util\string_converter.h">
      <Filter>头文件\util</Filter>
    </ClInclude>
    <ClInclude Include="util\wm_cef_event.h">
      <Filter>头文件\util</Filter>
    </ClInclude>
    <ClInclude Include="cef\client_handler_puppet.h">
      <Filter>头文件\cef</Filter>
    </ClInclude>
  </ItemGroup>
  <ItemGroup>
    <ClCompile Include="MainFrm.cpp">
      <Filter>源文件\mfc</Filter>
    </ClCompile>
    <ClCompile Include="MFC_CEF.cpp">
      <Filter>源文件\mfc</Filter>
    </ClCompile>
    <ClCompile Include="stdafx.cpp">
      <Filter>源文件\mfc</Filter>
    </ClCompile>
    <ClCompile Include="cef\app_handler.cc">
      <Filter>源文件\cef</Filter>
    </ClCompile>
    <ClCompile Include="cef\client_handler.cc">
      <Filter>源文件\cef</Filter>
    </ClCompile>
    <ClCompile Include="cef\client_renderer.cc">
      <Filter>源文件\cef</Filter>
    </ClCompile>
    <ClCompile Include="cef\embeded_browser.cpp">
      <Filter>源文件\cef</Filter>
    </ClCompile>
    <ClCompile Include="cef\js_call_back.cc">
      <Filter>源文件\cef</Filter>
    </ClCompile>
    <ClCompile Include="int\BrowserView.cpp">
      <Filter>源文件\int</Filter>
    </ClCompile>
    <ClCompile Include="int\BrowserViewEvent.cpp">
      <Filter>源文件\int</Filter>
    </ClCompile>
    <ClCompile Include="int\Cef.cc">
      <Filter>源文件\int</Filter>
    </ClCompile>
    <ClCompile Include="int\JSHandler.cpp">
      <Filter>源文件\int</Filter>
    </ClCompile>
    <ClCompile Include="util\logging.cpp">
      <Filter>源文件\util</Filter>
    </ClCompile>
    <ClCompile Include="util\string_converter.cpp">
      <Filter>源文件\util</Filter>
    </ClCompile>
    <ClCompile Include="cef\client_handler_puppet.cpp">
      <Filter>源文件\cef</Filter>
    </ClCompile>
  </ItemGroup>
  <ItemGroup>
    <ResourceCompile Include="MFC_CEF.rc">
      <Filter>资源文件</Filter>
    </ResourceCompile>
  </ItemGroup>
  <ItemGroup>
    <None Include="res\MFC_CEF.rc2">
      <Filter>资源文件</Filter>
    </None>
  </ItemGroup>
  <ItemGroup>
    <Image Include="res\MFC_CEF.ico">
      <Filter>资源文件</Filter>
    </Image>
    <Image Include="res\Toolbar.bmp">
      <Filter>资源文件</Filter>
    </Image>
  </ItemGroup>
</Project>